
Microsoft Visual Studio Solution File, Format Version 12.00
# Visual Studio 15
VisualStudioVersion = 15.0.27004.2010
MinimumVisualStudioVersion = 10.0.40219.1
Project("{FAE04EC0-301F-11D3-BF4B-00C04F79EFBC}") = "Calculator", "Calculator\Calculator.csproj", "{B3290105-950C-495A-AD9D-F754322B8F86}"
EndProject
Global
	GlobalSection(SolutionConfigurationPlatforms) = preSolution
		Debug|Any CPU = Debug|Any CPU
		Release|Any CPU = Release|Any CPU
	EndGlobalSection
	GlobalSection(ProjectConfigurationPlatforms) = postSolution
		{B3290105-950C-495A-AD9D-F754322B8F86}.Debug|Any CPU.ActiveCfg = Debug|Any CPU
		{B3290105-950C-495A-AD9D-F754322B8F86}.Debug|Any CPU.Build.0 = Debug|Any CPU
		{B3290105-950C-495A-AD9D-F754322B8F86}.Release|Any CPU.ActiveCfg = Release|Any CPU
		{B3290105-950C-495A-AD9D-F754322B8F86}.Release|Any CPU.Build.0 = Release|Any CPU
	EndGlobalSection
	GlobalSection(SolutionProperties) = preSolution
		HideSolutionNode = FALSE
	EndGlobalSection
	GlobalSection(ExtensibilityGlobals) = postSolution
		SolutionGuid = {FCD8803C-A86A-40A5-9EB7-6DDB801606CE}
	EndGlobalSection
EndGlobal
